
Microsoft Visual Studio Solution File, Format Version 11.00
# Visual Studio 2010
Project("{8BC9CEB8-8B4A-11D0-8D11-00A0C91BC942}") = "JNI_Diffraction", "JNI_Diffraction\JNI_Diffraction.vcxproj", "{0242ADC9-D032-4E3D-B9F7-978E5C2357CB}"
EndProject
Global
	GlobalSection(SolutionConfigurationPlatforms) = preSolution
		Debug|Win32 = Debug|Win32
		Release|Win32 = Release|Win32
	EndGlobalSection
	GlobalSection(ProjectConfigurationPlatforms) = postSolution
		{0242ADC9-D032-4E3D-B9F7-978E5C2357CB}.Debug|Win32.ActiveCfg = Debug|Win32
		{0242ADC9-D032-4E3D-B9F7-978E5C2357CB}.Debug|Win32.Build.0 = Debug|Win32
		{0242ADC9-D032-4E3D-B9F7-978E5C2357CB}.Release|Win32.ActiveCfg = Release|Win32
		{0242ADC9-D032-4E3D-B9F7-978E5C2357CB}.Release|Win32.Build.0 = Release|Win32
	EndGlobalSection
	GlobalSection(SolutionProperties) = preSolution
		HideSolutionNode = FALSE
	EndGlobalSection
EndGlobal
