<?xml version="1.0" encoding="utf-8"?>
<Project ToolsVersion="4.0" xmlns="http://schemas.microsoft.com/developer/msbuild/2003">
  <ItemGroup>
    <Filter Include="Source Files">
      <UniqueIdentifier>{4FC737F1-C7A5-4376-A066-2A32D752A2FF}</UniqueIdentifier>
      <Extensions>cpp;c;cc;cxx;def;odl;idl;hpj;bat;asm;asmx</Extensions>
    </Filter>
    <Filter Include="Header Files">
      <UniqueIdentifier>{93995380-89BD-4b04-88EB-625FBE52EBFB}</UniqueIdentifier>
      <Extensions>h;hpp;hxx;hm;inl;inc;xsd</Extensions>
    </Filter>
    <Filter Include="Resource Files">
      <UniqueIdentifier>{67DA6AB6-F800-4c08-8B7A-83BB121AAD01}</UniqueIdentifier>
      <Extensions>rc;ico;cur;bmp;dlg;rc2;rct;bin;rgs;gif;jpg;jpeg;jpe;resx;tiff;tif;png;wav;mfcribbon-ms</Extensions>
    </Filter>
  </ItemGroup>
  <ItemGroup>
    <ClInclude Include="JNI_Diffraction.h">
      <Filter>Header Files</Filter>
    </ClInclude>
    <ClInclude Include="Stdafx.h">
      <Filter>Header Files</Filter>
    </ClInclude>
    <ClInclude Include="resource.h">
      <Filter>Header Files</Filter>
    </ClInclude>
    <ClInclude Include="..\..\set_up.h">
      <Filter>Header Files</Filter>
    </ClInclude>
    <ClInclude Include="..\..\simul.h">
      <Filter>Header Files</Filter>
    </ClInclude>
    <ClInclude Include="..\..\structures.h">
      <Filter>Header Files</Filter>
    </ClInclude>
    <ClInclude Include="..\..\cComplex.h">
      <Filter>Header Files</Filter>
    </ClInclude>
    <ClInclude Include="..\..\cQuaternion.h">
      <Filter>Header Files</Filter>
    </ClInclude>
    <ClInclude Include="..\..\cVector.h">
      <Filter>Header Files</Filter>
    </ClInclude>
    <ClInclude Include="..\..\defaultPackage_JavaToC.h">
      <Filter>Header Files</Filter>
    </ClInclude>
    <ClInclude Include="..\..\Diffraction.h">
      <Filter>Header Files</Filter>
    </ClInclude>
  </ItemGroup>
  <ItemGroup>
    <ClCompile Include="JNI_Diffraction.cpp">
      <Filter>Source Files</Filter>
    </ClCompile>
    <ClCompile Include="AssemblyInfo.cpp">
      <Filter>Source Files</Filter>
    </ClCompile>
    <ClCompile Include="Stdafx.cpp">
      <Filter>Source Files</Filter>
    </ClCompile>
    <ClCompile Include="..\..\Diffraction.c">
      <Filter>Source Files</Filter>
    </ClCompile>
    <ClCompile Include="..\..\set_up.c">
      <Filter>Source Files</Filter>
    </ClCompile>
    <ClCompile Include="..\..\simul.c">
      <Filter>Source Files</Filter>
    </ClCompile>
    <ClCompile Include="..\..\cComplex.c">
      <Filter>Source Files</Filter>
    </ClCompile>
    <ClCompile Include="..\..\cQuaternion.c">
      <Filter>Source Files</Filter>
    </ClCompile>
    <ClCompile Include="..\..\cVector.c">
      <Filter>Source Files</Filter>
    </ClCompile>
  </ItemGroup>
  <ItemGroup>
    <None Include="ReadMe.txt" />
    <None Include="app.ico">
      <Filter>Resource Files</Filter>
    </None>
    <None Include="..\..\cuPrintf.cu">
      <Filter>Source Files</Filter>
    </None>
    <None Include="..\..\diffraction.cu">
      <Filter>Source Files</Filter>
    </None>
    <None Include="..\..\diffractionTest.cu">
      <Filter>Source Files</Filter>
    </None>
    <None Include="..\..\oldDiffraction.cu">
      <Filter>Source Files</Filter>
    </None>
    <None Include="..\..\cudaComplex.cu">
      <Filter>Source Files</Filter>
    </None>
    <None Include="..\..\cudaVector.cu">
      <Filter>Source Files</Filter>
    </None>
    <None Include="..\..\cuDiffraction.cu">
      <Filter>Source Files</Filter>
    </None>
    <None Include="..\..\cuPrintf.cuh">
      <Filter>Header Files</Filter>
    </None>
  </ItemGroup>
  <ItemGroup>
    <ResourceCompile Include="app.rc">
      <Filter>Resource Files</Filter>
    </ResourceCompile>
  </ItemGroup>
</Project>